
Microsoft Visual Studio Solution File, Format Version 12.00
# Visual Studio 15
VisualStudioVersion = 15.0.28307.1267
MinimumVisualStudioVersion = 10.0.40219.1
Project("{FAE04EC0-301F-11D3-BF4B-00C04F79EFBC}") = "websocket1", "websocket1\websocket1.csproj", "{1EACAF06-25B4-464D-9897-D0FAC7BA07AC}"
EndProject
Global
	GlobalSection(SolutionConfigurationPlatforms) = preSolution
		Debug|Any CPU = Debug|Any CPU
		Release|Any CPU = Release|Any CPU
	EndGlobalSection
	GlobalSection(ProjectConfigurationPlatforms) = postSolution
		{1EACAF06-25B4-464D-9897-D0FAC7BA07AC}.Debug|Any CPU.ActiveCfg = Debug|Any CPU
		{1EACAF06-25B4-464D-9897-D0FAC7BA07AC}.Debug|Any CPU.Build.0 = Debug|Any CPU
		{1EACAF06-25B4-464D-9897-D0FAC7BA07AC}.Release|Any CPU.ActiveCfg = Release|Any CPU
		{1EACAF06-25B4-464D-9897-D0FAC7BA07AC}.Release|Any CPU.Build.0 = Release|Any CPU
	EndGlobalSection
	GlobalSection(SolutionProperties) = preSolution
		HideSolutionNode = FALSE
	EndGlobalSection
	GlobalSection(ExtensibilityGlobals) = postSolution
		SolutionGuid = {DE2D7918-0C0D-46D9-9CD1-79078B28E55C}
	EndGlobalSection
EndGlobal
